<?xml version="1.0" encoding="UTF-8" standalone="yes" ?>
<CodeBlocks_project_file>
	<FileVersion major="1" minor="6" />
	<Project>
		<Option title="BelleShell" />
		<Option pch_mode="2" />
		<Option compiler="gcc" />
		<Build>
			<Target title="Debug">
				<Option output="bin/Debug/BelleShell" prefix_auto="1" extension_auto="1" />
				<Option object_output="obj/Debug/" />
				<Option type="1" />
				<Option compiler="gcc" />
				<Compiler>
					<Add option="-g" />
				</Compiler>
			</Target>
			<Target title="Release">
				<Option output="bin/Release/BelleShell" prefix_auto="1" extension_auto="1" />
				<Option object_output="obj/Release/" />
				<Option type="1" />
				<Option compiler="gcc" />
				<Compiler>
					<Add option="-O2" />
				</Compiler>
				<Linker>
					<Add option="-s" />
				</Linker>
			</Target>
		</Build>
		<Compiler>
			<Add option="-Wall" />
			<Add option="-fexceptions" />
		</Compiler>
		<Unit filename="TODO.txt" />
		<Unit filename="admintools.cpp" />
		<Unit filename="admintools.hpp" />
		<Unit filename="config/config.ini" />
		<Unit filename="config/keys.ini" />
		<Unit filename="main.cpp" />
		<Unit filename="main.hpp" />
		<Unit filename="simpleini/ConvertUTF.c">
			<Option compilerVar="CC" />
		</Unit>
		<Unit filename="simpleini/ConvertUTF.h" />
		<Unit filename="simpleini/SimpleIni.h" />
		<Unit filename="simpleini/snippets.cpp" />
		<Extensions />
	</Project>
</CodeBlocks_project_file>
